
Microsoft Visual Studio Solution File, Format Version 12.00
Project("{FAE04EC0-301F-11D3-BF4B-00C04F79EFBC}") = "ConsoleApp1", "ConsoleApp1\ConsoleApp1.csproj", "{BCB67F07-4A03-4D8C-800A-6E57B00D589C}"
EndProject
Global
	GlobalSection(SolutionConfigurationPlatforms) = preSolution
		Debug|Any CPU = Debug|Any CPU
		Release|Any CPU = Release|Any CPU
	EndGlobalSection
	GlobalSection(ProjectConfigurationPlatforms) = postSolution
		{BCB67F07-4A03-4D8C-800A-6E57B00D589C}.Debug|Any CPU.ActiveCfg = Debug|Any CPU
		{BCB67F07-4A03-4D8C-800A-6E57B00D589C}.Debug|Any CPU.Build.0 = Debug|Any CPU
		{BCB67F07-4A03-4D8C-800A-6E57B00D589C}.Release|Any CPU.ActiveCfg = Release|Any CPU
		{BCB67F07-4A03-4D8C-800A-6E57B00D589C}.Release|Any CPU.Build.0 = Release|Any CPU
	EndGlobalSection
EndGlobal
